
Microsoft Visual Studio Solution File, Format Version 12.00
# Visual Studio 15
VisualStudioVersion = 15.0.28010.2036
MinimumVisualStudioVersion = 10.0.40219.1
Project("{8BC9CEB8-8B4A-11D0-8D11-00A0C91BC942}") = "CostAnalysis", "CostAnalysis\CostAnalysis.vcxproj", "{A7A0A71F-3EA7-4D36-B5F7-BE9315EA5719}"
EndProject
Global
	GlobalSection(SolutionConfigurationPlatforms) = preSolution
		Debug|x64 = Debug|x64
		Debug|x86 = Debug|x86
		Release|x64 = Release|x64
		Release|x86 = Release|x86
	EndGlobalSection
	GlobalSection(ProjectConfigurationPlatforms) = postSolution
		{A7A0A71F-3EA7-4D36-B5F7-BE9315EA5719}.Debug|x64.ActiveCfg = Debug|x64
		{A7A0A71F-3EA7-4D36-B5F7-BE9315EA5719}.Debug|x64.Build.0 = Debug|x64
		{A7A0A71F-3EA7-4D36-B5F7-BE9315EA5719}.Debug|x86.ActiveCfg = Debug|Win32
		{A7A0A71F-3EA7-4D36-B5F7-BE9315EA5719}.Debug|x86.Build.0 = Debug|Win32
		{A7A0A71F-3EA7-4D36-B5F7-BE9315EA5719}.Release|x64.ActiveCfg = Release|x64
		{A7A0A71F-3EA7-4D36-B5F7-BE9315EA5719}.Release|x64.Build.0 = Release|x64
		{A7A0A71F-3EA7-4D36-B5F7-BE9315EA5719}.Release|x86.ActiveCfg = Release|Win32
		{A7A0A71F-3EA7-4D36-B5F7-BE9315EA5719}.Release|x86.Build.0 = Release|Win32
	EndGlobalSection
	GlobalSection(SolutionProperties) = preSolution
		HideSolutionNode = FALSE
	EndGlobalSection
	GlobalSection(ExtensibilityGlobals) = postSolution
		SolutionGuid = {B9E8DAEE-66AC-45ED-8531-172FA017B763}
	EndGlobalSection
EndGlobal
