<?xml version="1.0" encoding="utf-8"?>
<Project ToolsVersion="4.0" xmlns="http://schemas.microsoft.com/developer/msbuild/2003">
  <ItemGroup>
    <Filter Include="Header Files">
      <UniqueIdentifier>{93995380-89BD-4b04-88EB-625FBE52EBFB}</UniqueIdentifier>
      <Extensions>h;hh;hpp;hxx;hm;inl;inc;ipp;xsd</Extensions>
    </Filter>
    <Filter Include="Resource Files">
      <UniqueIdentifier>{67DA6AB6-F800-4c08-8B7A-83BB121AAD01}</UniqueIdentifier>
      <Extensions>rc;ico;cur;bmp;dlg;rc2;rct;bin;rgs;gif;jpg;jpeg;jpe;resx;tiff;tif;png;wav;mfcribbon-ms</Extensions>
    </Filter>
    <Filter Include="Header Files\Visitors">
      <UniqueIdentifier>{30b93f8e-0bd1-421f-a451-398007e6f342}</UniqueIdentifier>
    </Filter>
    <Filter Include="Header Files\Passes">
      <UniqueIdentifier>{96a36609-9e2d-4c43-82d7-4cd2adbb6f58}</UniqueIdentifier>
    </Filter>
    <Filter Include="Resource Files\Calculator">
      <UniqueIdentifier>{000e45f0-8a07-47ab-b053-8b34918b2394}</UniqueIdentifier>
    </Filter>
    <Filter Include="Header Files\Calculator">
      <UniqueIdentifier>{cfd31a94-7ab9-4015-a08d-db9bd12914ff}</UniqueIdentifier>
    </Filter>
    <Filter Include="Resource Files\Visitors">
      <UniqueIdentifier>{5df88ffd-9dbf-4695-b5bc-d184ba49f2c0}</UniqueIdentifier>
    </Filter>
    <Filter Include="Resource Files\Passes">
      <UniqueIdentifier>{a247236a-5341-4504-a42f-34fecbe6f63b}</UniqueIdentifier>
    </Filter>
  </ItemGroup>
  <ItemGroup>
    <ClInclude Include="src\Analysis\EnergyAnalysis.h">
      <Filter>Header Files</Filter>
    </ClInclude>
    <ClInclude Include="src\Analysis\EnergyModule.h">
      <Filter>Header Files</Filter>
    </ClInclude>
    <ClInclude Include="src\Constants.h">
      <Filter>Header Files</Filter>
    </ClInclude>
    <ClInclude Include="src\Analysis\AnalysisVisitor.h">
      <Filter>Header Files\Visitors</Filter>
    </ClInclude>
    <ClInclude Include="src\Analysis\AnnotationVisitor.h">
      <Filter>Header Files\Visitors</Filter>
    </ClInclude>
    <ClInclude Include="src\Passes\WCETAnalysisPass.h">
      <Filter>Header Files\Passes</Filter>
    </ClInclude>
    <ClInclude Include="src\Analysis\WCETAnalysisVisitor.h">
      <Filter>Header Files\Visitors</Filter>
    </ClInclude>
    <ClInclude Include="src\Analysis\EnergyCalculation.h">
      <Filter>Header Files\Calculator</Filter>
    </ClInclude>
    <ClInclude Include="src\Log.h">
      <Filter>Header Files</Filter>
    </ClInclude>
    <ClInclude Include="src\ProgressBar.h">
      <Filter>Header Files</Filter>
    </ClInclude>
  </ItemGroup>
  <ItemGroup>
    <ClCompile Include="src\Analysis\EnergyAnalysis.cpp">
      <Filter>Resource Files</Filter>
    </ClCompile>
    <ClCompile Include="src\Analysis\EnergyModule.cpp">
      <Filter>Resource Files</Filter>
    </ClCompile>
    <ClCompile Include="src\Log.cpp">
      <Filter>Resource Files</Filter>
    </ClCompile>
    <ClCompile Include="src\main.cpp">
      <Filter>Resource Files</Filter>
    </ClCompile>
    <ClCompile Include="src\Analysis\AnalysisVisitor.cpp">
      <Filter>Resource Files\Visitors</Filter>
    </ClCompile>
    <ClCompile Include="src\Analysis\AnnotationVisitor.cpp">
      <Filter>Resource Files\Visitors</Filter>
    </ClCompile>
    <ClCompile Include="src\Analysis\EnergyCalculation.cpp">
      <Filter>Resource Files\Calculator</Filter>
    </ClCompile>
    <ClCompile Include="src\Passes\WCETAnalysisPass.cpp">
      <Filter>Resource Files\Passes</Filter>
    </ClCompile>
    <ClCompile Include="src\Analysis\WCETAnalysisVisitor.cpp">
      <Filter>Resource Files\Visitors</Filter>
    </ClCompile>
    <ClCompile Include="src\ProgressBar.cpp">
      <Filter>Resource Files</Filter>
    </ClCompile>
  </ItemGroup>
</Project>