
Microsoft Visual Studio Solution File, Format Version 12.00
# Visual Studio 15
VisualStudioVersion = 15.0.27428.2015
MinimumVisualStudioVersion = 10.0.40219.1
Project("{8BC9CEB8-8B4A-11D0-8D11-00A0C91BC942}") = "EnergyAnalysis", "EnergyAnalysis\EnergyAnalysis.vcxproj", "{E67EBB23-E227-4526-A61E-923F70520CED}"
EndProject
Project("{2150E333-8FDC-42A3-9474-1A3956D46DE8}") = "Solution Items", "Solution Items", "{714B9552-6DAE-42BB-9300-2231DDEFD5D8}"
	ProjectSection(SolutionItems) = preProject
		Performance1.psess = Performance1.psess
	EndProjectSection
EndProject
Global
	GlobalSection(Performance) = preSolution
		HasPerformanceSessions = true
	EndGlobalSection
	GlobalSection(SolutionConfigurationPlatforms) = preSolution
		Debug|x64 = Debug|x64
		Debug|x86 = Debug|x86
		Release|x64 = Release|x64
		Release|x86 = Release|x86
	EndGlobalSection
	GlobalSection(ProjectConfigurationPlatforms) = postSolution
		{E67EBB23-E227-4526-A61E-923F70520CED}.Debug|x64.ActiveCfg = Debug|x64
		{E67EBB23-E227-4526-A61E-923F70520CED}.Debug|x64.Build.0 = Debug|x64
		{E67EBB23-E227-4526-A61E-923F70520CED}.Debug|x86.ActiveCfg = Debug|Win32
		{E67EBB23-E227-4526-A61E-923F70520CED}.Debug|x86.Build.0 = Debug|Win32
		{E67EBB23-E227-4526-A61E-923F70520CED}.Release|x64.ActiveCfg = Release|x64
		{E67EBB23-E227-4526-A61E-923F70520CED}.Release|x64.Build.0 = Release|x64
		{E67EBB23-E227-4526-A61E-923F70520CED}.Release|x86.ActiveCfg = Release|Win32
		{E67EBB23-E227-4526-A61E-923F70520CED}.Release|x86.Build.0 = Release|Win32
	EndGlobalSection
	GlobalSection(SolutionProperties) = preSolution
		HideSolutionNode = FALSE
	EndGlobalSection
	GlobalSection(ExtensibilityGlobals) = postSolution
		SolutionGuid = {1DC69D3F-AF32-4106-B051-8A5EC7C8C10E}
	EndGlobalSection
EndGlobal
